{
  "name": "multiagent-client",
  "version": "0.1.0",
  "lockfileVersion": 3,
  "requires": true,
  "packages": {
    "": {
      "name": "multiagent-client",
      "version": "0.1.0",
      "bin": {
        "multiagent-client": "bin/client.mjs"
      },
      "engines": {
        "node": ">=18"
      }
    }
  }
}
